// !$*UTF8*$!
{
	archiveVersion = 1;
	classes = {
	};
	objectVersion = 77;
	objects = {

/* Begin PBXContainerItemProxy section */
		DD4F12D12DA74C9600EB2BB1 /* PBXContainerItemProxy */ = {
			isa = PBXContainerItemProxy;
			containerPortal = DD4F12B82DA74C9400EB2BB1 /* Project object */;
			proxyType = 1;
			remoteGlobalIDString = DD4F12BF2DA74C9400EB2BB1;
			remoteInfo = aboutmeapp2;
		};
		DD4F12DB2DA74C9600EB2BB1 /* PBXContainerItemProxy */ = {
			isa = PBXContainerItemProxy;
			containerPortal = DD4F12B82DA74C9400EB2BB1 /* Project object */;
			proxyType = 1;
			remoteGlobalIDString = DD4F12BF2DA74C9400EB2BB1;
			remoteInfo = aboutmeapp2;
		};
/* End PBXContainerItemProxy section */

/* Begin PBXFileReference section */
		DD4F12C02DA74C9400EB2BB1 /* aboutmeapp2.app */ = {isa = PBXFileReference; explicitFileType = wrapper.application; includeInIndex = 0; path = aboutmeapp2.app; sourceTree = BUILT_PRODUCTS_DIR; };
		DD4F12D02DA74C9600EB2BB1 /* aboutmeapp2Tests.xctest */ = {isa = PBXFileReference; explicitFileType = wrapper.cfbundle; includeInIndex = 0; path = aboutmeapp2Tests.xctest; sourceTree = BUILT_PRODUCTS_DIR; };
		DD4F12DA2DA74C9600EB2BB1 /* aboutmeapp2UITests.xctest */ = {isa = PBXFileReference; explicitFileType = wrapper.cfbundle; includeInIndex = 0; path = aboutmeapp2UITests.xctest; sourceTree = BUILT_PRODUCTS_DIR; };
/* End PBXFileReference section */

/* Begin PBXFileSystemSynchronizedRootGroup section */
		DD4F12C22DA74C9400EB2BB1 /* aboutmeapp2 */ = {
			isa = PBXFileSystemSynchronizedRootGroup;
			path = aboutmeapp2;
			sourceTree = "<group>";
		};
		DD4F12D32DA74C9600EB2BB1 /* aboutmeapp2Tests */ = {
			isa = PBXFileSystemSynchronizedRootGroup;
			path = aboutmeapp2Tests;
			sourceTree = "<group>";
		};
		DD4F12DD2DA74C9600EB2BB1 /* aboutmeapp2UITests */ = {
			isa = PBXFileSystemSynchronizedRootGroup;
			path = aboutmeapp2UITests;
			sourceTree = "<group>";
		};
/* End PBXFileSystemSynchronizedRootGroup section */

/* Begin PBXFrameworksBuildPhase section */
		DD4F12BD2DA74C9400EB2BB1 /* Frameworks */ = {
			isa = PBXFrameworksBuildPhase;
			buildActionMask = 2147483647;
			files = (
			);
			runOnlyForDeploymentPostprocessing = 0;
		};
		DD4F12CD2DA74C9600EB2BB1 /* Frameworks */ = {
			isa = PBXFrameworksBuildPhase;
			buildActionMask = 2147483647;
			files = (
			);
			runOnlyForDeploymentPostprocessing = 0;
		};
		DD4F12D72DA74C9600EB2BB1 /* Frameworks */ = {
			isa = PBXFrameworksBuildPhase;
			buildActionMask = 2147483647;
			files = (
			);
			runOnlyForDeploymentPostprocessing = 0;
		};
/* End PBXFrameworksBuildPhase section */

/* Begin PBXGroup section */
		DD4F12B72DA74C9400EB2BB1 = {
			isa = PBXGroup;
			children = (
				DD4F12C22DA74C9400EB2BB1 /* aboutmeapp2 */,
				DD4F12D32DA74C9600EB2BB1 /* aboutmeapp2Tests */,
				DD4F12DD2DA74C9600EB2BB1 /* aboutmeapp2UITests */,
				DD4F12C12DA74C9400EB2BB1 /* Products */,
			);
			sourceTree = "<group>";
		};
		DD4F12C12DA74C9400EB2BB1 /* Products */ = {
			isa = PBXGroup;
			children = (
				DD4F12C02DA74C9400EB2BB1 /* aboutmeapp2.app */,
				DD4F12D02DA74C9600EB2BB1 /* aboutmeapp2Tests.xctest */,
				DD4F12DA2DA74C9600EB2BB1 /* aboutmeapp2UITests.xctest */,
			);
			name = Products;
			sourceTree = "<group>";
		};
/* End PBXGroup section */

/* Begin PBXNativeTarget section */
		DD4F12BF2DA74C9400EB2BB1 /* aboutmeapp2 */ = {
			isa = PBXNativeTarget;
			buildConfigurationList = DD4F12E42DA74C9600EB2BB1 /* Build configuration list for PBXNativeTarget "aboutmeapp2" */;
			buildPhases = (
				DD4F12BC2DA74C9400EB2BB1 /* Sources */,
				DD4F12BD2DA74C9400EB2BB1 /* Frameworks */,
				DD4F12BE2DA74C9400EB2BB1 /* Resources */,
			);
			buildRules = (
			);
			dependencies = (
			);
			fileSystemSynchronizedGroups = (
				DD4F12C22DA74C9400EB2BB1 /* aboutmeapp2 */,
			);
			name = aboutmeapp2;
			packageProductDependencies = (
			);
			productName = aboutmeapp2;
			productReference = DD4F12C02DA74C9400EB2BB1 /* aboutmeapp2.app */;
			productType = "com.apple.product-type.application";
		};
		DD4F12CF2DA74C9600EB2BB1 /* aboutmeapp2Tests */ = {
			isa = PBXNativeTarget;
			buildConfigurationList = DD4F12E72DA74C9600EB2BB1 /* Build configuration list for PBXNativeTarget "aboutmeapp2Tests" */;
			buildPhases = (
				DD4F12CC2DA74C9600EB2BB1 /* Sources */,
				DD4F12CD2DA74C9600EB2BB1 /* Frameworks */,
				DD4F12CE2DA74C9600EB2BB1 /* Resources */,
			);
			buildRules = (
			);
			dependencies = (
				DD4F12D22DA74C9600EB2BB1 /* PBXTargetDependency */,
			);
			fileSystemSynchronizedGroups = (
				DD4F12D32DA74C9600EB2BB1 /* aboutmeapp2Tests */,
			);
			name = aboutmeapp2Tests;
			packageProductDependencies = (
			);
			productName = aboutmeapp2Tests;
			productReference = DD4F12D02DA74C9600EB2BB1 /* aboutmeapp2Tests.xctest */;
			productType = "com.apple.product-type.bundle.unit-test";
		};
		DD4F12D92DA74C9600EB2BB1 /* aboutmeapp2UITests */ = {
			isa = PBXNativeTarget;
			buildConfigurationList = DD4F12EA2DA74C9600EB2BB1 /* Build configuration list for PBXNativeTarget "aboutmeapp2UITests" */;
			buildPhases = (
				DD4F12D62DA74C9600EB2BB1 /* Sources */,
				DD4F12D72DA74C9600EB2BB1 /* Frameworks */,
				DD4F12D82DA74C9600EB2BB1 /* Resources */,
			);
			buildRules = (
			);
			dependencies = (
				DD4F12DC2DA74C9600EB2BB1 /* PBXTargetDependency */,
			);
			fileSystemSynchronizedGroups = (
				DD4F12DD2DA74C9600EB2BB1 /* aboutmeapp2UITests */,
			);
			name = aboutmeapp2UITests;
			packageProductDependencies = (
			);
			productName = aboutmeapp2UITests;
			productReference = DD4F12DA2DA74C9600EB2BB1 /* aboutmeapp2UITests.xctest */;
			productType = "com.apple.product-type.bundle.ui-testing";
		};
/* End PBXNativeTarget section */

/* Begin PBXProject section */
		DD4F12B82DA74C9400EB2BB1 /* Project object */ = {
			isa = PBXProject;
			attributes = {
				BuildIndependentTargetsInParallel = 1;
				LastSwiftUpdateCheck = 1620;
				LastUpgradeCheck = 1620;
				TargetAttributes = {
					DD4F12BF2DA74C9400EB2BB1 = {
						CreatedOnToolsVersion = 16.2;
					};
					DD4F12CF2DA74C9600EB2BB1 = {
						CreatedOnToolsVersion = 16.2;
						TestTargetID = DD4F12BF2DA74C9400EB2BB1;
					};
					DD4F12D92DA74C9600EB2BB1 = {
						CreatedOnToolsVersion = 16.2;
						TestTargetID = DD4F12BF2DA74C9400EB2BB1;
					};
				};
			};
			buildConfigurationList = DD4F12BB2DA74C9400EB2BB1 /* Build configuration list for PBXProject "aboutmeapp2" */;
			developmentRegion = en;
			hasScannedForEncodings = 0;
			knownRegions = (
				en,
				Base,
			);
			mainGroup = DD4F12B72DA74C9400EB2BB1;
			minimizedProjectReferenceProxies = 1;
			preferredProjectObjectVersion = 77;
			productRefGroup = DD4F12C12DA74C9400EB2BB1 /* Products */;
			projectDirPath = "";
			projectRoot = "";
			targets = (
				DD4F12BF2DA74C9400EB2BB1 /* aboutmeapp2 */,
				DD4F12CF2DA74C9600EB2BB1 /* aboutmeapp2Tests */,
				DD4F12D92DA74C9600EB2BB1 /* aboutmeapp2UITests */,
			);
		};
/* End PBXProject section */

/* Begin PBXResourcesBuildPhase section */
		DD4F12BE2DA74C9400EB2BB1 /* Resources */ = {
			isa = PBXResourcesBuildPhase;
			buildActionMask = 2147483647;
			files = (
			);
			runOnlyForDeploymentPostprocessing = 0;
		};
		DD4F12CE2DA74C9600EB2BB1 /* Resources */ = {
			isa = PBXResourcesBuildPhase;
			buildActionMask = 2147483647;
			files = (
			);
			runOnlyForDeploymentPostprocessing = 0;
		};
		DD4F12D82DA74C9600EB2BB1 /* Resources */ = {
			isa = PBXResourcesBuildPhase;
			buildActionMask = 2147483647;
			files = (
			);
			runOnlyForDeploymentPostprocessing = 0;
		};
/* End PBXResourcesBuildPhase section */

/* Begin PBXSourcesBuildPhase section */
		DD4F12BC2DA74C9400EB2BB1 /* Sources */ = {
			isa = PBXSourcesBuildPhase;
			buildActionMask = 2147483647;
			files = (
			);
			runOnlyForDeploymentPostprocessing = 0;
		};
		DD4F12CC2DA74C9600EB2BB1 /* Sources */ = {
			isa = PBXSourcesBuildPhase;
			buildActionMask = 2147483647;
			files = (
			);
			runOnlyForDeploymentPostprocessing = 0;
		};
		DD4F12D62DA74C9600EB2BB1 /* Sources */ = {
			isa = PBXSourcesBuildPhase;
			buildActionMask = 2147483647;
			files = (
			);
			runOnlyForDeploymentPostprocessing = 0;
		};
/* End PBXSourcesBuildPhase section */

/* Begin PBXTargetDependency section */
		DD4F12D22DA74C9600EB2BB1 /* PBXTargetDependency */ = {
			isa = PBXTargetDependency;
			target = DD4F12BF2DA74C9400EB2BB1 /* aboutmeapp2 */;
			targetProxy = DD4F12D12DA74C9600EB2BB1 /* PBXContainerItemProxy */;
		};
		DD4F12DC2DA74C9600EB2BB1 /* PBXTargetDependency */ = {
			isa = PBXTargetDependency;
			target = DD4F12BF2DA74C9400EB2BB1 /* aboutmeapp2 */;
			targetProxy = DD4F12DB2DA74C9600EB2BB1 /* PBXContainerItemProxy */;
		};
/* End PBXTargetDependency section */

/* Begin XCBuildConfiguration section */
		DD4F12E22DA74C9600EB2BB1 /* Debug */ = {
			isa = XCBuildConfiguration;
			buildSettings = {
				ALWAYS_SEARCH_USER_PATHS = NO;
				ASSETCATALOG_COMPILER_GENERATE_SWIFT_ASSET_SYMBOL_EXTENSIONS = YES;
				CLANG_ANALYZER_NONNULL = YES;
				CLANG_ANALYZER_NUMBER_OBJECT_CONVERSION = YES_AGGRESSIVE;
				CLANG_CXX_LANGUAGE_STANDARD = "gnu++20";
				CLANG_ENABLE_MODULES = YES;
				CLANG_ENABLE_OBJC_ARC = YES;
				CLANG_ENABLE_OBJC_WEAK = YES;
				CLANG_WARN_BLOCK_CAPTURE_AUTORELEASING = YES;
				CLANG_WARN_BOOL_CONVERSION = YES;
				CLANG_WARN_COMMA = YES;
				CLANG_WARN_CONSTANT_CONVERSION = YES;
				CLANG_WARN_DEPRECATED_OBJC_IMPLEMENTATIONS = YES;
				CLANG_WARN_DIRECT_OBJC_ISA_USAGE = YES_ERROR;
				CLANG_WARN_DOCUMENTATION_COMMENTS = YES;
				CLANG_WARN_EMPTY_BODY = YES;
				CLANG_WARN_ENUM_CONVERSION = YES;
				CLANG_WARN_INFINITE_RECURSION = YES;
				CLANG_WARN_INT_CONVERSION = YES;
				CLANG_WARN_NON_LITERAL_NULL_CONVERSION = YES;
				CLANG_WARN_OBJC_IMPLICIT_RETAIN_SELF = YES;
				CLANG_WARN_OBJC_LITERAL_CONVERSION = YES;
				CLANG_WARN_OBJC_ROOT_CLASS = YES_ERROR;
				CLANG_WARN_QUOTED_INCLUDE_IN_FRAMEWORK_HEADER = YES;
				CLANG_WARN_RANGE_LOOP_ANALYSIS = YES;
				CLANG_WARN_STRICT_PROTOTYPES = YES;
				CLANG_WARN_SUSPICIOUS_MOVE = YES;
				CLANG_WARN_UNGUARDED_AVAILABILITY = YES_AGGRESSIVE;
				CLANG_WARN_UNREACHABLE_CODE = YES;
				CLANG_WARN__DUPLICATE_METHOD_MATCH = YES;
				COPY_PHASE_STRIP = NO;
				DEBUG_INFORMATION_FORMAT = dwarf;
				ENABLE_STRICT_OBJC_MSGSEND = YES;
				ENABLE_TESTABILITY = YES;
				ENABLE_USER_SCRIPT_SANDBOXING = YES;
				GCC_C_LANGUAGE_STANDARD = gnu17;
				GCC_DYNAMIC_NO_PIC = NO;
				GCC_NO_COMMON_BLOCKS = YES;
				GCC_OPTIMIZATION_LEVEL = 0;
				GCC_PREPROCESSOR_DEFINITIONS = (
					"DEBUG=1",
					"$(inherited)",
				);
				GCC_WARN_64_TO_32_BIT_CONVERSION = YES;
				GCC_WARN_ABOUT_RETURN_TYPE = YES_ERROR;
				GCC_WARN_UNDECLARED_SELECTOR = YES;
				GCC_WARN_UNINITIALIZED_AUTOS = YES_AGGRESSIVE;
				GCC_WARN_UNUSED_FUNCTION = YES;
				GCC_WARN_UNUSED_VARIABLE = YES;
				IPHONEOS_DEPLOYMENT_TARGET = 18.2;
				LOCALIZATION_PREFERS_STRING_CATALOGS = YES;
				MTL_ENABLE_DEBUG_INFO = INCLUDE_SOURCE;
				MTL_FAST_MATH = YES;
				ONLY_ACTIVE_ARCH = YES;
				SDKROOT = iphoneos;
				SWIFT_ACTIVE_COMPILATION_CONDITIONS = "DEBUG $(inherited)";
				SWIFT_OPTIMIZATION_LEVEL = "-Onone";
			};
			name = Debug;
		};
		DD4F12E32DA74C9600EB2BB1 /* Release */ = {
			isa = XCBuildConfiguration;
			buildSettings = {
				ALWAYS_SEARCH_USER_PATHS = NO;
				ASSETCATALOG_COMPILER_GENERATE_SWIFT_ASSET_SYMBOL_EXTENSIONS = YES;
				CLANG_ANALYZER_NONNULL = YES;
				CLANG_ANALYZER_NUMBER_OBJECT_CONVERSION = YES_AGGRESSIVE;
				CLANG_CXX_LANGUAGE_STANDARD = "gnu++20";
				CLANG_ENABLE_MODULES = YES;
				CLANG_ENABLE_OBJC_ARC = YES;
				CLANG_ENABLE_OBJC_WEAK = YES;
				CLANG_WARN_BLOCK_CAPTURE_AUTORELEASING = YES;
				CLANG_WARN_BOOL_CONVERSION = YES;
				CLANG_WARN_COMMA = YES;
				CLANG_WARN_CONSTANT_CONVERSION = YES;
				CLANG_WARN_DEPRECATED_OBJC_IMPLEMENTATIONS = YES;
				CLANG_WARN_DIRECT_OBJC_ISA_USAGE = YES_ERROR;
				CLANG_WARN_DOCUMENTATION_COMMENTS = YES;
				CLANG_WARN_EMPTY_BODY = YES;
				CLANG_WARN_ENUM_CONVERSION = YES;
				CLANG_WARN_INFINITE_RECURSION = YES;
				CLANG_WARN_INT_CONVERSION = YES;
				CLANG_WARN_NON_LITERAL_NULL_CONVERSION = YES;
				CLANG_WARN_OBJC_IMPLICIT_RETAIN_SELF = YES;
				CLANG_WARN_OBJC_LITERAL_CONVERSION = YES;
				CLANG_WARN_OBJC_ROOT_CLASS = YES_ERROR;
				CLANG_WARN_QUOTED_INCLUDE_IN_FRAMEWORK_HEADER = YES;
				CLANG_WARN_RANGE_LOOP_ANALYSIS = YES;
				CLANG_WARN_STRICT_PROTOTYPES = YES;
				CLANG_WARN_SUSPICIOUS_MOVE = YES;
				CLANG_WARN_UNGUARDED_AVAILABILITY = YES_AGGRESSIVE;
				CLANG_WARN_UNREACHABLE_CODE = YES;
				CLANG_WARN__DUPLICATE_METHOD_MATCH = YES;
				COPY_PHASE_STRIP = NO;
				DEBUG_INFORMATION_FORMAT = "dwarf-with-dsym";
				ENABLE_NS_ASSERTIONS = NO;
				ENABLE_STRICT_OBJC_MSGSEND = YES;
				ENABLE_USER_SCRIPT_SANDBOXING = YES;
				GCC_C_LANGUAGE_STANDARD = gnu17;
				GCC_NO_COMMON_BLOCKS = YES;
				GCC_WARN_64_TO_32_BIT_CONVERSION = YES;
				GCC_WARN_ABOUT_RETURN_TYPE = YES_ERROR;
				GCC_WARN_UNDECLARED_SELECTOR = YES;
				GCC_WARN_UNINITIALIZED_AUTOS = YES_AGGRESSIVE;
				GCC_WARN_UNUSED_FUNCTION = YES;
				GCC_WARN_UNUSED_VARIABLE = YES;
				IPHONEOS_DEPLOYMENT_TARGET = 18.2;
				LOCALIZATION_PREFERS_STRING_CATALOGS = YES;
				MTL_ENABLE_DEBUG_INFO = NO;
				MTL_FAST_MATH = YES;
				SDKROOT = iphoneos;
				SWIFT_COMPILATION_MODE = wholemodule;
				VALIDATE_PRODUCT = YES;
			};
			name = Release;
		};
		DD4F12E52DA74C9600EB2BB1 /* Debug */ = {
			isa = XCBuildConfiguration;
			buildSettings = {
				ASSETCATALOG_COMPILER_APPICON_NAME = AppIcon;
				ASSETCATALOG_COMPILER_GLOBAL_ACCENT_COLOR_NAME = AccentColor;
				CODE_SIGN_STYLE = Automatic;
				CURRENT_PROJECT_VERSION = 1;
				DEVELOPMENT_ASSET_PATHS = "\"aboutmeapp2/Preview Content\"";
				ENABLE_PREVIEWS = YES;
				GENERATE_INFOPLIST_FILE = YES;
				INFOPLIST_KEY_UIApplicationSceneManifest_Generation = YES;
				INFOPLIST_KEY_UIApplicationSupportsIndirectInputEvents = YES;
				INFOPLIST_KEY_UILaunchScreen_Generation = YES;
				INFOPLIST_KEY_UISupportedInterfaceOrientations_iPad = "UIInterfaceOrientationPortrait UIInterfaceOrientationPortraitUpsideDown UIInterfaceOrientationLandscapeLeft UIInterfaceOrientationLandscapeRight";
				INFOPLIST_KEY_UISupportedInterfaceOrientations_iPhone = "UIInterfaceOrientationPortrait UIInterfaceOrientationLandscapeLeft UIInterfaceOrientationLandscapeRight";
				LD_RUNPATH_SEARCH_PATHS = (
					"$(inherited)",
					"@executable_path/Frameworks",
				);
				MARKETING_VERSION = 1.0;
				PRODUCT_BUNDLE_IDENTIFIER = kwk.aboutmeapp2;
				PRODUCT_NAME = "$(TARGET_NAME)";
				SWIFT_EMIT_LOC_STRINGS = YES;
				SWIFT_VERSION = 5.0;
				TARGETED_DEVICE_FAMILY = "1,2";
			};
			name = Debug;
		};
		DD4F12E62DA74C9600EB2BB1 /* Release */ = {
			isa = XCBuildConfiguration;
			buildSettings = {
				ASSETCATALOG_COMPILER_APPICON_NAME = AppIcon;
				ASSETCATALOG_COMPILER_GLOBAL_ACCENT_COLOR_NAME = AccentColor;
				CODE_SIGN_STYLE = Automatic;
				CURRENT_PROJECT_VERSION = 1;
				DEVELOPMENT_ASSET_PATHS = "\"aboutmeapp2/Preview Content\"";
				ENABLE_PREVIEWS = YES;
				GENERATE_INFOPLIST_FILE = YES;
				INFOPLIST_KEY_UIApplicationSceneManifest_Generation = YES;
				INFOPLIST_KEY_UIApplicationSupportsIndirectInputEvents = YES;
				INFOPLIST_KEY_UILaunchScreen_Generation = YES;
				INFOPLIST_KEY_UISupportedInterfaceOrientations_iPad = "UIInterfaceOrientationPortrait UIInterfaceOrientationPortraitUpsideDown UIInterfaceOrientationLandscapeLeft UIInterfaceOrientationLandscapeRight";
				INFOPLIST_KEY_UISupportedInterfaceOrientations_iPhone = "UIInterfaceOrientationPortrait UIInterfaceOrientationLandscapeLeft UIInterfaceOrientationLandscapeRight";
				LD_RUNPATH_SEARCH_PATHS = (
					"$(inherited)",
					"@executable_path/Frameworks",
				);
				MARKETING_VERSION = 1.0;
				PRODUCT_BUNDLE_IDENTIFIER = kwk.aboutmeapp2;
				PRODUCT_NAME = "$(TARGET_NAME)";
				SWIFT_EMIT_LOC_STRINGS = YES;
				SWIFT_VERSION = 5.0;
				TARGETED_DEVICE_FAMILY = "1,2";
			};
			name = Release;
		};
		DD4F12E82DA74C9600EB2BB1 /* Debug */ = {
			isa = XCBuildConfiguration;
			buildSettings = {
				BUNDLE_LOADER = "$(TEST_HOST)";
				CODE_SIGN_STYLE = Automatic;
				CURRENT_PROJECT_VERSION = 1;
				GENERATE_INFOPLIST_FILE = YES;
				IPHONEOS_DEPLOYMENT_TARGET = 18.2;
				MARKETING_VERSION = 1.0;
				PRODUCT_BUNDLE_IDENTIFIER = kwk.aboutmeapp2Tests;
				PRODUCT_NAME = "$(TARGET_NAME)";
				SWIFT_EMIT_LOC_STRINGS = NO;
				SWIFT_VERSION = 5.0;
				TARGETED_DEVICE_FAMILY = "1,2";
				TEST_HOST = "$(BUILT_PRODUCTS_DIR)/aboutmeapp2.app/$(BUNDLE_EXECUTABLE_FOLDER_PATH)/aboutmeapp2";
			};
			name = Debug;
		};
		DD4F12E92DA74C9600EB2BB1 /* Release */ = {
			isa = XCBuildConfiguration;
			buildSettings = {
				BUNDLE_LOADER = "$(TEST_HOST)";
				CODE_SIGN_STYLE = Automatic;
				CURRENT_PROJECT_VERSION = 1;
				GENERATE_INFOPLIST_FILE = YES;
				IPHONEOS_DEPLOYMENT_TARGET = 18.2;
				MARKETING_VERSION = 1.0;
				PRODUCT_BUNDLE_IDENTIFIER = kwk.aboutmeapp2Tests;
				PRODUCT_NAME = "$(TARGET_NAME)";
				SWIFT_EMIT_LOC_STRINGS = NO;
				SWIFT_VERSION = 5.0;
				TARGETED_DEVICE_FAMILY = "1,2";
				TEST_HOST = "$(BUILT_PRODUCTS_DIR)/aboutmeapp2.app/$(BUNDLE_EXECUTABLE_FOLDER_PATH)/aboutmeapp2";
			};
			name = Release;
		};
		DD4F12EB2DA74C9600EB2BB1 /* Debug */ = {
			isa = XCBuildConfiguration;
			buildSettings = {
				CODE_SIGN_STYLE = Automatic;
				CURRENT_PROJECT_VERSION = 1;
				GENERATE_INFOPLIST_FILE = YES;
				MARKETING_VERSION = 1.0;
				PRODUCT_BUNDLE_IDENTIFIER = kwk.aboutmeapp2UITests;
				PRODUCT_NAME = "$(TARGET_NAME)";
				SWIFT_EMIT_LOC_STRINGS = NO;
				SWIFT_VERSION = 5.0;
				TARGETED_DEVICE_FAMILY = "1,2";
				TEST_TARGET_NAME = aboutmeapp2;
			};
			name = Debug;
		};
		DD4F12EC2DA74C9600EB2BB1 /* Release */ = {
			isa = XCBuildConfiguration;
			buildSettings = {
				CODE_SIGN_STYLE = Automatic;
				CURRENT_PROJECT_VERSION = 1;
				GENERATE_INFOPLIST_FILE = YES;
				MARKETING_VERSION = 1.0;
				PRODUCT_BUNDLE_IDENTIFIER = kwk.aboutmeapp2UITests;
				PRODUCT_NAME = "$(TARGET_NAME)";
				SWIFT_EMIT_LOC_STRINGS = NO;
				SWIFT_VERSION = 5.0;
				TARGETED_DEVICE_FAMILY = "1,2";
				TEST_TARGET_NAME = aboutmeapp2;
			};
			name = Release;
		};
/* End XCBuildConfiguration section */

/* Begin XCConfigurationList section */
		DD4F12BB2DA74C9400EB2BB1 /* Build configuration list for PBXProject "aboutmeapp2" */ = {
			isa = XCConfigurationList;
			buildConfigurations = (
				DD4F12E22DA74C9600EB2BB1 /* Debug */,
				DD4F12E32DA74C9600EB2BB1 /* Release */,
			);
			defaultConfigurationIsVisible = 0;
			defaultConfigurationName = Release;
		};
		DD4F12E42DA74C9600EB2BB1 /* Build configuration list for PBXNativeTarget "aboutmeapp2" */ = {
			isa = XCConfigurationList;
			buildConfigurations = (
				DD4F12E52DA74C9600EB2BB1 /* Debug */,
				DD4F12E62DA74C9600EB2BB1 /* Release */,
			);
			defaultConfigurationIsVisible = 0;
			defaultConfigurationName = Release;
		};
		DD4F12E72DA74C9600EB2BB1 /* Build configuration list for PBXNativeTarget "aboutmeapp2Tests" */ = {
			isa = XCConfigurationList;
			buildConfigurations = (
				DD4F12E82DA74C9600EB2BB1 /* Debug */,
				DD4F12E92DA74C9600EB2BB1 /* Release */,
			);
			defaultConfigurationIsVisible = 0;
			defaultConfigurationName = Release;
		};
		DD4F12EA2DA74C9600EB2BB1 /* Build configuration list for PBXNativeTarget "aboutmeapp2UITests" */ = {
			isa = XCConfigurationList;
			buildConfigurations = (
				DD4F12EB2DA74C9600EB2BB1 /* Debug */,
				DD4F12EC2DA74C9600EB2BB1 /* Release */,
			);
			defaultConfigurationIsVisible = 0;
			defaultConfigurationName = Release;
		};
/* End XCConfigurationList section */
	};
	rootObject = DD4F12B82DA74C9400EB2BB1 /* Project object */;
}
